
Microsoft Visual Studio Solution File, Format Version 12.00
# Visual Studio Version 17
VisualStudioVersion = 17.4.33213.308
MinimumVisualStudioVersion = 10.0.40219.1
Project("{FAE04EC0-301F-11D3-BF4B-00C04F79EFBC}") = "лаба 1", "лаба 1\лаба 1.csproj", "{7B84ACB6-4B40-4802-8A7D-A004D68A4B23}"
EndProject
Global
	GlobalSection(SolutionConfigurationPlatforms) = preSolution
		Debug|Any CPU = Debug|Any CPU
		Release|Any CPU = Release|Any CPU
	EndGlobalSection
	GlobalSection(ProjectConfigurationPlatforms) = postSolution
		{7B84ACB6-4B40-4802-8A7D-A004D68A4B23}.Debug|Any CPU.ActiveCfg = Debug|Any CPU
		{7B84ACB6-4B40-4802-8A7D-A004D68A4B23}.Debug|Any CPU.Build.0 = Debug|Any CPU
		{7B84ACB6-4B40-4802-8A7D-A004D68A4B23}.Release|Any CPU.ActiveCfg = Release|Any CPU
		{7B84ACB6-4B40-4802-8A7D-A004D68A4B23}.Release|Any CPU.Build.0 = Release|Any CPU
	EndGlobalSection
	GlobalSection(SolutionProperties) = preSolution
		HideSolutionNode = FALSE
	EndGlobalSection
	GlobalSection(ExtensibilityGlobals) = postSolution
		SolutionGuid = {6759AD22-CEF6-4170-8ED9-F26FE8CD5146}
	EndGlobalSection
EndGlobal
